
Microsoft Visual Studio Solution File, Format Version 12.00
# Visual Studio Version 17
VisualStudioVersion = 17.14.36429.23 d17.14
MinimumVisualStudioVersion = 10.0.40219.1
Project("{FAE04EC0-301F-11D3-BF4B-00C04F79EFBC}") = "utsBagian1Uts", "utsBagian1Uts\utsBagian1Uts.csproj", "{A3185C47-38D0-4FEA-BC29-E743141988EE}"
EndProject
Global
	GlobalSection(SolutionConfigurationPlatforms) = preSolution
		Debug|Any CPU = Debug|Any CPU
		Release|Any CPU = Release|Any CPU
	EndGlobalSection
	GlobalSection(ProjectConfigurationPlatforms) = postSolution
		{A3185C47-38D0-4FEA-BC29-E743141988EE}.Debug|Any CPU.ActiveCfg = Debug|Any CPU
		{A3185C47-38D0-4FEA-BC29-E743141988EE}.Debug|Any CPU.Build.0 = Debug|Any CPU
		{A3185C47-38D0-4FEA-BC29-E743141988EE}.Release|Any CPU.ActiveCfg = Release|Any CPU
		{A3185C47-38D0-4FEA-BC29-E743141988EE}.Release|Any CPU.Build.0 = Release|Any CPU
	EndGlobalSection
	GlobalSection(SolutionProperties) = preSolution
		HideSolutionNode = FALSE
	EndGlobalSection
	GlobalSection(ExtensibilityGlobals) = postSolution
		SolutionGuid = {36C0F6FB-4F12-4226-A268-3F39FF6703B6}
	EndGlobalSection
EndGlobal
